
Microsoft Visual Studio Solution File, Format Version 12.00
# Visual Studio Version 17
VisualStudioVersion = 17.5.002.0
MinimumVisualStudioVersion = 10.0.40219.1
Project("{9A19103F-16F7-4668-BE54-9A1E7A4F7556}") = "DesafioFundamentos", "DesafioFundamentos\DesafioFundamentos.csproj", "{4D687B05-4B58-4E12-AD5D-6BD5D8A9AA74}"
EndProject
Global
	GlobalSection(SolutionConfigurationPlatforms) = preSolution
		Debug|Any CPU = Debug|Any CPU
		Release|Any CPU = Release|Any CPU
	EndGlobalSection
	GlobalSection(ProjectConfigurationPlatforms) = postSolution
		{4D687B05-4B58-4E12-AD5D-6BD5D8A9AA74}.Debug|Any CPU.ActiveCfg = Debug|Any CPU
		{4D687B05-4B58-4E12-AD5D-6BD5D8A9AA74}.Debug|Any CPU.Build.0 = Debug|Any CPU
		{4D687B05-4B58-4E12-AD5D-6BD5D8A9AA74}.Release|Any CPU.ActiveCfg = Release|Any CPU
		{4D687B05-4B58-4E12-AD5D-6BD5D8A9AA74}.Release|Any CPU.Build.0 = Release|Any CPU
	EndGlobalSection
	GlobalSection(SolutionProperties) = preSolution
		HideSolutionNode = FALSE
	EndGlobalSection
	GlobalSection(ExtensibilityGlobals) = postSolution
		SolutionGuid = {045D4546-679F-4B60-95FB-43D727F833C5}
	EndGlobalSection
EndGlobal
